
Microsoft Visual Studio Solution File, Format Version 12.00
# Visual Studio Version 17
VisualStudioVersion = 17.2.32630.192
MinimumVisualStudioVersion = 10.0.40219.1
Project("{FAE04EC0-301F-11D3-BF4B-00C04F79EFBC}") = "UsefulStandardDelegates", "UsefulStandardDelegates\UsefulStandardDelegates.csproj", "{70B5B0B9-0667-43A1-9F7E-4129AAE4F45E}"
EndProject
Global
	GlobalSection(SolutionConfigurationPlatforms) = preSolution
		Debug|Any CPU = Debug|Any CPU
		Release|Any CPU = Release|Any CPU
	EndGlobalSection
	GlobalSection(ProjectConfigurationPlatforms) = postSolution
		{70B5B0B9-0667-43A1-9F7E-4129AAE4F45E}.Debug|Any CPU.ActiveCfg = Debug|Any CPU
		{70B5B0B9-0667-43A1-9F7E-4129AAE4F45E}.Debug|Any CPU.Build.0 = Debug|Any CPU
		{70B5B0B9-0667-43A1-9F7E-4129AAE4F45E}.Release|Any CPU.ActiveCfg = Release|Any CPU
		{70B5B0B9-0667-43A1-9F7E-4129AAE4F45E}.Release|Any CPU.Build.0 = Release|Any CPU
	EndGlobalSection
	GlobalSection(SolutionProperties) = preSolution
		HideSolutionNode = FALSE
	EndGlobalSection
	GlobalSection(ExtensibilityGlobals) = postSolution
		SolutionGuid = {F9317F64-3EC5-46D9-8180-650245E37BE0}
	EndGlobalSection
EndGlobal
