
Microsoft Visual Studio Solution File, Format Version 12.00
# Visual Studio Version 17
VisualStudioVersion = 17.2.32630.192
MinimumVisualStudioVersion = 10.0.40219.1
Project("{FAE04EC0-301F-11D3-BF4B-00C04F79EFBC}") = "Ex2", "Ex2\Ex2.csproj", "{FC854A40-1B0E-41DA-AFE5-AF406E672B4B}"
EndProject
Global
	GlobalSection(SolutionConfigurationPlatforms) = preSolution
		Debug|Any CPU = Debug|Any CPU
		Release|Any CPU = Release|Any CPU
	EndGlobalSection
	GlobalSection(ProjectConfigurationPlatforms) = postSolution
		{FC854A40-1B0E-41DA-AFE5-AF406E672B4B}.Debug|Any CPU.ActiveCfg = Debug|Any CPU
		{FC854A40-1B0E-41DA-AFE5-AF406E672B4B}.Debug|Any CPU.Build.0 = Debug|Any CPU
		{FC854A40-1B0E-41DA-AFE5-AF406E672B4B}.Release|Any CPU.ActiveCfg = Release|Any CPU
		{FC854A40-1B0E-41DA-AFE5-AF406E672B4B}.Release|Any CPU.Build.0 = Release|Any CPU
	EndGlobalSection
	GlobalSection(SolutionProperties) = preSolution
		HideSolutionNode = FALSE
	EndGlobalSection
	GlobalSection(ExtensibilityGlobals) = postSolution
		SolutionGuid = {A9DEF3B5-43FD-419F-8B50-FFB674160C6C}
	EndGlobalSection
EndGlobal
