
Microsoft Visual Studio Solution File, Format Version 12.00
# Visual Studio Version 17
VisualStudioVersion = 17.2.32630.192
MinimumVisualStudioVersion = 10.0.40219.1
Project("{FAE04EC0-301F-11D3-BF4B-00C04F79EFBC}") = "DemoInterfaces", "DemoInterfaces\DemoInterfaces.csproj", "{BFF0156C-6D87-4554-BFBC-20B5EBB7F8C9}"
EndProject
Global
	GlobalSection(SolutionConfigurationPlatforms) = preSolution
		Debug|Any CPU = Debug|Any CPU
		Release|Any CPU = Release|Any CPU
	EndGlobalSection
	GlobalSection(ProjectConfigurationPlatforms) = postSolution
		{BFF0156C-6D87-4554-BFBC-20B5EBB7F8C9}.Debug|Any CPU.ActiveCfg = Debug|Any CPU
		{BFF0156C-6D87-4554-BFBC-20B5EBB7F8C9}.Debug|Any CPU.Build.0 = Debug|Any CPU
		{BFF0156C-6D87-4554-BFBC-20B5EBB7F8C9}.Release|Any CPU.ActiveCfg = Release|Any CPU
		{BFF0156C-6D87-4554-BFBC-20B5EBB7F8C9}.Release|Any CPU.Build.0 = Release|Any CPU
	EndGlobalSection
	GlobalSection(SolutionProperties) = preSolution
		HideSolutionNode = FALSE
	EndGlobalSection
	GlobalSection(ExtensibilityGlobals) = postSolution
		SolutionGuid = {7E8D21A5-C78C-48C6-8CC2-1C57FB4037D8}
	EndGlobalSection
EndGlobal
