
Microsoft Visual Studio Solution File, Format Version 12.00
# Visual Studio Version 17
VisualStudioVersion = 17.2.32630.192
MinimumVisualStudioVersion = 10.0.40219.1
Project("{FAE04EC0-301F-11D3-BF4B-00C04F79EFBC}") = "DemoInheritance", "DemoInheritance\DemoInheritance.csproj", "{540E07B9-AE84-4271-BAC8-47A93ED66244}"
EndProject
Global
	GlobalSection(SolutionConfigurationPlatforms) = preSolution
		Debug|Any CPU = Debug|Any CPU
		Release|Any CPU = Release|Any CPU
	EndGlobalSection
	GlobalSection(ProjectConfigurationPlatforms) = postSolution
		{540E07B9-AE84-4271-BAC8-47A93ED66244}.Debug|Any CPU.ActiveCfg = Debug|Any CPU
		{540E07B9-AE84-4271-BAC8-47A93ED66244}.Debug|Any CPU.Build.0 = Debug|Any CPU
		{540E07B9-AE84-4271-BAC8-47A93ED66244}.Release|Any CPU.ActiveCfg = Release|Any CPU
		{540E07B9-AE84-4271-BAC8-47A93ED66244}.Release|Any CPU.Build.0 = Release|Any CPU
	EndGlobalSection
	GlobalSection(SolutionProperties) = preSolution
		HideSolutionNode = FALSE
	EndGlobalSection
	GlobalSection(ExtensibilityGlobals) = postSolution
		SolutionGuid = {C302DE1C-EE1C-484B-BCEF-126CA87B8730}
	EndGlobalSection
EndGlobal
